
Microsoft Visual Studio Solution File, Format Version 12.00
# Visual Studio 15
VisualStudioVersion = 15.0.28010.2019
MinimumVisualStudioVersion = 10.0.40219.1
Project("{9A19103F-16F7-4668-BE54-9A1E7A4F7556}") = "Phonebook", "Phonebook.csproj", "{AEA4443E-C2E4-4ACB-A29C-C88A0FE27E6D}"
EndProject
Global
	GlobalSection(SolutionConfigurationPlatforms) = preSolution
		Debug|Any CPU = Debug|Any CPU
		Release|Any CPU = Release|Any CPU
	EndGlobalSection
	GlobalSection(ProjectConfigurationPlatforms) = postSolution
		{AEA4443E-C2E4-4ACB-A29C-C88A0FE27E6D}.Debug|Any CPU.ActiveCfg = Debug|Any CPU
		{AEA4443E-C2E4-4ACB-A29C-C88A0FE27E6D}.Debug|Any CPU.Build.0 = Debug|Any CPU
		{AEA4443E-C2E4-4ACB-A29C-C88A0FE27E6D}.Release|Any CPU.ActiveCfg = Release|Any CPU
		{AEA4443E-C2E4-4ACB-A29C-C88A0FE27E6D}.Release|Any CPU.Build.0 = Release|Any CPU
	EndGlobalSection
	GlobalSection(SolutionProperties) = preSolution
		HideSolutionNode = FALSE
	EndGlobalSection
	GlobalSection(ExtensibilityGlobals) = postSolution
		SolutionGuid = {056C99C9-F64B-478D-AE92-8080BFAF7B46}
	EndGlobalSection
EndGlobal
